
Microsoft Visual Studio Solution File, Format Version 12.00
# Visual Studio Version 16
VisualStudioVersion = 16.0.30002.166
MinimumVisualStudioVersion = 10.0.40219.1
Project("{9A19103F-16F7-4668-BE54-9A1E7A4F7556}") = "ProductServer", "ProductServer.csproj", "{773E5A06-D027-46DE-8254-9AFD1153F1C1}"
EndProject
Project("{9A19103F-16F7-4668-BE54-9A1E7A4F7556}") = "ProductConsumer", "..\ProductConsumer\ProductConsumer.csproj", "{90CAE39C-6B5F-4FF4-B890-7D8C57230839}"
EndProject
Project("{9A19103F-16F7-4668-BE54-9A1E7A4F7556}") = "ProductUnitTests", "..\ProductServerTest\ProductUnitTests.csproj", "{6D2CB890-2791-4036-9431-2822CB0DBCCF}"
EndProject
Global
	GlobalSection(SolutionConfigurationPlatforms) = preSolution
		Debug|Any CPU = Debug|Any CPU
		Release|Any CPU = Release|Any CPU
	EndGlobalSection
	GlobalSection(ProjectConfigurationPlatforms) = postSolution
		{773E5A06-D027-46DE-8254-9AFD1153F1C1}.Debug|Any CPU.ActiveCfg = Debug|Any CPU
		{773E5A06-D027-46DE-8254-9AFD1153F1C1}.Debug|Any CPU.Build.0 = Debug|Any CPU
		{773E5A06-D027-46DE-8254-9AFD1153F1C1}.Release|Any CPU.ActiveCfg = Release|Any CPU
		{773E5A06-D027-46DE-8254-9AFD1153F1C1}.Release|Any CPU.Build.0 = Release|Any CPU
		{90CAE39C-6B5F-4FF4-B890-7D8C57230839}.Debug|Any CPU.ActiveCfg = Debug|Any CPU
		{90CAE39C-6B5F-4FF4-B890-7D8C57230839}.Debug|Any CPU.Build.0 = Debug|Any CPU
		{90CAE39C-6B5F-4FF4-B890-7D8C57230839}.Release|Any CPU.ActiveCfg = Release|Any CPU
		{90CAE39C-6B5F-4FF4-B890-7D8C57230839}.Release|Any CPU.Build.0 = Release|Any CPU
		{6D2CB890-2791-4036-9431-2822CB0DBCCF}.Debug|Any CPU.ActiveCfg = Debug|Any CPU
		{6D2CB890-2791-4036-9431-2822CB0DBCCF}.Debug|Any CPU.Build.0 = Debug|Any CPU
		{6D2CB890-2791-4036-9431-2822CB0DBCCF}.Release|Any CPU.ActiveCfg = Release|Any CPU
		{6D2CB890-2791-4036-9431-2822CB0DBCCF}.Release|Any CPU.Build.0 = Release|Any CPU
	EndGlobalSection
	GlobalSection(SolutionProperties) = preSolution
		HideSolutionNode = FALSE
	EndGlobalSection
	GlobalSection(ExtensibilityGlobals) = postSolution
		SolutionGuid = {D0DD27FD-DA80-4781-B6A7-285C54BA4288}
	EndGlobalSection
EndGlobal
